// !$*UTF8*$!
{
	archiveVersion = 1;
	classes = {
	};
	objectVersion = 46;
	objects = {

/* Begin PBXBuildFile section */
		4355450F175114CA0084EB07 /* client.c in Sources */ = {isa = PBXBuildFile; fileRef = 4355450E175114CA0084EB07 /* client.c */; };
		43956301175913B90041378A /* lanceur.c in Sources */ = {isa = PBXBuildFile; fileRef = 43956300175913B90041378A /* lanceur.c */; };
		43956302175917990041378A /* main.c in Sources */ = {isa = PBXBuildFile; fileRef = 43F1D4081757BB7200422CAF /* main.c */; };
		43F1D40E1757C2C200422CAF /* agent.c in Sources */ = {isa = PBXBuildFile; fileRef = 4355450A175104160084EB07 /* agent.c */; };
		43F1D4101757C59200422CAF /* fileAttente.c in Sources */ = {isa = PBXBuildFile; fileRef = 43F1D40F1757C59200422CAF /* fileAttente.c */; };
/* End PBXBuildFile section */

/* Begin PBXCopyFilesBuildPhase section */
		43C4BE2D17500E4E0074136E /* CopyFiles */ = {
			isa = PBXCopyFilesBuildPhase;
			buildActionMask = 2147483647;
			dstPath = /usr/share/man/man1/;
			dstSubfolderSpec = 0;
			files = (
			);
			runOnlyForDeploymentPostprocessing = 1;
		};
/* End PBXCopyFilesBuildPhase section */

/* Begin PBXFileReference section */
		435545071750D3C70084EB07 /* LO41-Projet */ = {isa = PBXFileReference; explicitFileType = "compiled.mach-o.executable"; includeInIndex = 0; path = "LO41-Projet"; sourceTree = BUILT_PRODUCTS_DIR; };
		4355450A175104160084EB07 /* agent.c */ = {isa = PBXFileReference; fileEncoding = 4; lastKnownFileType = sourcecode.c.c; path = agent.c; sourceTree = SOURCE_ROOT; };
		4355450E175114CA0084EB07 /* client.c */ = {isa = PBXFileReference; fileEncoding = 4; lastKnownFileType = sourcecode.c.c; path = client.c; sourceTree = SOURCE_ROOT; };
		43956300175913B90041378A /* lanceur.c */ = {isa = PBXFileReference; fileEncoding = 4; lastKnownFileType = sourcecode.c.c; path = lanceur.c; sourceTree = SOURCE_ROOT; };
		43F1D4081757BB7200422CAF /* main.c */ = {isa = PBXFileReference; fileEncoding = 4; lastKnownFileType = sourcecode.c.c; path = main.c; sourceTree = SOURCE_ROOT; };
		43F1D40B1757BEE900422CAF /* agent.h */ = {isa = PBXFileReference; lastKnownFileType = sourcecode.c.h; path = agent.h; sourceTree = SOURCE_ROOT; };
		43F1D40C1757BEF200422CAF /* client.h */ = {isa = PBXFileReference; lastKnownFileType = sourcecode.c.h; path = client.h; sourceTree = SOURCE_ROOT; };
		43F1D40F1757C59200422CAF /* fileAttente.c */ = {isa = PBXFileReference; fileEncoding = 4; lastKnownFileType = sourcecode.c.c; path = fileAttente.c; sourceTree = SOURCE_ROOT; };
		43F1D4111757C59C00422CAF /* fileAttente.h */ = {isa = PBXFileReference; lastKnownFileType = sourcecode.c.h; path = fileAttente.h; sourceTree = SOURCE_ROOT; };
/* End PBXFileReference section */

/* Begin PBXFrameworksBuildPhase section */
		43C4BE2C17500E4E0074136E /* Frameworks */ = {
			isa = PBXFrameworksBuildPhase;
			buildActionMask = 2147483647;
			files = (
			);
			runOnlyForDeploymentPostprocessing = 0;
		};
/* End PBXFrameworksBuildPhase section */

/* Begin PBXGroup section */
		43C4BE2617500E4E0074136E = {
			isa = PBXGroup;
			children = (
				43C4BE3117500E4E0074136E /* LO41-Projet */,
				435545071750D3C70084EB07 /* LO41-Projet */,
			);
			sourceTree = "<group>";
		};
		43C4BE3117500E4E0074136E /* LO41-Projet */ = {
			isa = PBXGroup;
			children = (
				43F1D4081757BB7200422CAF /* main.c */,
				43956300175913B90041378A /* lanceur.c */,
				4355450A175104160084EB07 /* agent.c */,
				4355450E175114CA0084EB07 /* client.c */,
				43F1D40B1757BEE900422CAF /* agent.h */,
				43F1D40C1757BEF200422CAF /* client.h */,
				43F1D40F1757C59200422CAF /* fileAttente.c */,
				43F1D4111757C59C00422CAF /* fileAttente.h */,
			);
			path = "LO41-Projet";
			sourceTree = "<group>";
		};
/* End PBXGroup section */

/* Begin PBXNativeTarget section */
		43C4BE2E17500E4E0074136E /* LO41-Projet */ = {
			isa = PBXNativeTarget;
			buildConfigurationList = 43C4BE3817500E4F0074136E /* Build configuration list for PBXNativeTarget "LO41-Projet" */;
			buildPhases = (
				43C4BE2B17500E4E0074136E /* Sources */,
				43C4BE2C17500E4E0074136E /* Frameworks */,
				43C4BE2D17500E4E0074136E /* CopyFiles */,
			);
			buildRules = (
			);
			dependencies = (
			);
			name = "LO41-Projet";
			productName = "LO41-Projet";
			productReference = 435545071750D3C70084EB07 /* LO41-Projet */;
			productType = "com.apple.product-type.tool";
		};
/* End PBXNativeTarget section */

/* Begin PBXProject section */
		43C4BE2717500E4E0074136E /* Project object */ = {
			isa = PBXProject;
			attributes = {
				LastUpgradeCheck = 0460;
				ORGANIZATIONNAME = "-";
			};
			buildConfigurationList = 43C4BE2A17500E4E0074136E /* Build configuration list for PBXProject "LO41-Projet" */;
			compatibilityVersion = "Xcode 3.2";
			developmentRegion = English;
			hasScannedForEncodings = 0;
			knownRegions = (
				en,
			);
			mainGroup = 43C4BE2617500E4E0074136E;
			productRefGroup = 43C4BE2617500E4E0074136E;
			projectDirPath = "";
			projectRoot = "";
			targets = (
				43C4BE2E17500E4E0074136E /* LO41-Projet */,
			);
		};
/* End PBXProject section */

/* Begin PBXSourcesBuildPhase section */
		43C4BE2B17500E4E0074136E /* Sources */ = {
			isa = PBXSourcesBuildPhase;
			buildActionMask = 2147483647;
			files = (
				4355450F175114CA0084EB07 /* client.c in Sources */,
				43F1D40E1757C2C200422CAF /* agent.c in Sources */,
				43F1D4101757C59200422CAF /* fileAttente.c in Sources */,
				43956301175913B90041378A /* lanceur.c in Sources */,
				43956302175917990041378A /* main.c in Sources */,
			);
			runOnlyForDeploymentPostprocessing = 0;
		};
/* End PBXSourcesBuildPhase section */

/* Begin XCBuildConfiguration section */
		43C4BE3617500E4F0074136E /* Debug */ = {
			isa = XCBuildConfiguration;
			buildSettings = {
				ALWAYS_SEARCH_USER_PATHS = NO;
				ARCHS = "$(ARCHS_STANDARD_64_BIT)";
				CLANG_CXX_LANGUAGE_STANDARD = "gnu++0x";
				CLANG_CXX_LIBRARY = "libc++";
				CLANG_ENABLE_OBJC_ARC = YES;
				CLANG_WARN_CONSTANT_CONVERSION = YES;
				CLANG_WARN_EMPTY_BODY = YES;
				CLANG_WARN_ENUM_CONVERSION = YES;
				CLANG_WARN_INT_CONVERSION = YES;
				CLANG_WARN__DUPLICATE_METHOD_MATCH = YES;
				COPY_PHASE_STRIP = NO;
				GCC_C_LANGUAGE_STANDARD = gnu99;
				GCC_DYNAMIC_NO_PIC = NO;
				GCC_ENABLE_OBJC_EXCEPTIONS = YES;
				GCC_OPTIMIZATION_LEVEL = 0;
				GCC_PREPROCESSOR_DEFINITIONS = (
					"DEBUG=1",
					"$(inherited)",
				);
				GCC_SYMBOLS_PRIVATE_EXTERN = NO;
				GCC_WARN_64_TO_32_BIT_CONVERSION = YES;
				GCC_WARN_ABOUT_RETURN_TYPE = YES;
				GCC_WARN_UNINITIALIZED_AUTOS = YES;
				GCC_WARN_UNUSED_VARIABLE = YES;
				MACOSX_DEPLOYMENT_TARGET = 10.8;
				ONLY_ACTIVE_ARCH = YES;
				SDKROOT = macosx;
			};
			name = Debug;
		};
		43C4BE3717500E4F0074136E /* Release */ = {
			isa = XCBuildConfiguration;
			buildSettings = {
				ALWAYS_SEARCH_USER_PATHS = NO;
				ARCHS = "$(ARCHS_STANDARD_64_BIT)";
				CLANG_CXX_LANGUAGE_STANDARD = "gnu++0x";
				CLANG_CXX_LIBRARY = "libc++";
				CLANG_ENABLE_OBJC_ARC = YES;
				CLANG_WARN_CONSTANT_CONVERSION = YES;
				CLANG_WARN_EMPTY_BODY = YES;
				CLANG_WARN_ENUM_CONVERSION = YES;
				CLANG_WARN_INT_CONVERSION = YES;
				CLANG_WARN__DUPLICATE_METHOD_MATCH = YES;
				COPY_PHASE_STRIP = YES;
				DEBUG_INFORMATION_FORMAT = "dwarf-with-dsym";
				GCC_C_LANGUAGE_STANDARD = gnu99;
				GCC_ENABLE_OBJC_EXCEPTIONS = YES;
				GCC_WARN_64_TO_32_BIT_CONVERSION = YES;
				GCC_WARN_ABOUT_RETURN_TYPE = YES;
				GCC_WARN_UNINITIALIZED_AUTOS = YES;
				GCC_WARN_UNUSED_VARIABLE = YES;
				MACOSX_DEPLOYMENT_TARGET = 10.8;
				SDKROOT = macosx;
			};
			name = Release;
		};
		43C4BE3917500E4F0074136E /* Debug */ = {
			isa = XCBuildConfiguration;
			buildSettings = {
				CLANG_CXX_LANGUAGE_STANDARD = "gnu++0x";
				CLANG_CXX_LIBRARY = "libc++";
				GCC_C_LANGUAGE_STANDARD = gnu99;
				PRODUCT_NAME = "$(TARGET_NAME)";
			};
			name = Debug;
		};
		43C4BE3A17500E4F0074136E /* Release */ = {
			isa = XCBuildConfiguration;
			buildSettings = {
				CLANG_CXX_LANGUAGE_STANDARD = "gnu++0x";
				CLANG_CXX_LIBRARY = "libc++";
				GCC_C_LANGUAGE_STANDARD = gnu99;
				PRODUCT_NAME = "$(TARGET_NAME)";
			};
			name = Release;
		};
/* End XCBuildConfiguration section */

/* Begin XCConfigurationList section */
		43C4BE2A17500E4E0074136E /* Build configuration list for PBXProject "LO41-Projet" */ = {
			isa = XCConfigurationList;
			buildConfigurations = (
				43C4BE3617500E4F0074136E /* Debug */,
				43C4BE3717500E4F0074136E /* Release */,
			);
			defaultConfigurationIsVisible = 0;
			defaultConfigurationName = Release;
		};
		43C4BE3817500E4F0074136E /* Build configuration list for PBXNativeTarget "LO41-Projet" */ = {
			isa = XCConfigurationList;
			buildConfigurations = (
				43C4BE3917500E4F0074136E /* Debug */,
				43C4BE3A17500E4F0074136E /* Release */,
			);
			defaultConfigurationIsVisible = 0;
			defaultConfigurationName = Release;
		};
/* End XCConfigurationList section */
	};
	rootObject = 43C4BE2717500E4E0074136E /* Project object */;
}
